{
  "nodes": {
    "flake-parts": {
      "inputs": {
        "nixpkgs-lib": "nixpkgs-lib"
      },
      "locked": {
        "lastModified": 1709336216,
        "narHash": "sha256-Dt/wOWeW6Sqm11Yh+2+t0dfEWxoMxGBvv3JpIocFl9E=",
        "owner": "hercules-ci",
        "repo": "flake-parts",
        "rev": "f7b3c975cf067e56e7cda6cb098ebe3fb4d74ca2",
        "type": "github"
      },
      "original": {
        "owner": "hercules-ci",
        "repo": "flake-parts",
        "type": "github"
      }
    },
    "haskell-flake": {
      "locked": {
        "lastModified": 1711729580,
        "narHash": "sha256-yOObJ3lliEG9xY2qWsJPb7RuN8Q6BdRM0bnWgop6JCM=",
        "owner": "srid",
        "repo": "haskell-flake",
        "rev": "785956b3d77cf5e9ed304cd6514ad2f45750188e",
        "type": "github"
      },
      "original": {
        "owner": "srid",
        "repo": "haskell-flake",
        "type": "github"
      }
    },
    "nixpkgs": {
      "locked": {
        "lastModified": 1711715736,
        "narHash": "sha256-9slQ609YqT9bT/MNX9+5k5jltL9zgpn36DpFB7TkttM=",
        "owner": "nixos",
        "repo": "nixpkgs",
        "rev": "807c549feabce7eddbf259dbdcec9e0600a0660d",
        "type": "github"
      },
      "original": {
        "owner": "nixos",
        "ref": "nixpkgs-unstable",
        "repo": "nixpkgs",
        "type": "github"
      }
    },
    "nixpkgs-lib": {
      "locked": {
        "dir": "lib",
        "lastModified": 1709237383,
        "narHash": "sha256-cy6ArO4k5qTx+l5o+0mL9f5fa86tYUX3ozE1S+Txlds=",
        "owner": "NixOS",
        "repo": "nixpkgs",
        "rev": "1536926ef5621b09bba54035ae2bb6d806d72ac8",
        "type": "github"
      },
      "original": {
        "dir": "lib",
        "owner": "NixOS",
        "ref": "nixos-unstable",
        "repo": "nixpkgs",
        "type": "github"
      }
    },
    "root": {
      "inputs": {
        "flake-parts": "flake-parts",
        "haskell-flake": "haskell-flake",
        "nixpkgs": "nixpkgs",
        "singleraeh": "singleraeh",
        "type-level-show": "type-level-show"
      }
    },
    "singleraeh": {
      "flake": false,
      "locked": {
        "lastModified": 1716317350,
        "narHash": "sha256-KvA0cT7pQgNkmIGRa2oiPxsgW9i13l6zzMo737PNLOM=",
        "owner": "raehik",
        "repo": "singleraeh",
        "rev": "e6bf815e84040de0adfbc992c937d4d0075123d2",
        "type": "github"
      },
      "original": {
        "owner": "raehik",
        "repo": "singleraeh",
        "type": "github"
      }
    },
    "type-level-show": {
      "flake": false,
      "locked": {
        "lastModified": 1716317668,
        "narHash": "sha256-n8lXIJwB+IpFRTs7mtvMoAAaywwfxPRkf4F7aHDIRaA=",
        "owner": "raehik",
        "repo": "type-level-show",
        "rev": "74ba920f7531bcfc3efaccf75fe3bc2e961befd3",
        "type": "github"
      },
      "original": {
        "owner": "raehik",
        "repo": "type-level-show",
        "type": "github"
      }
    }
  },
  "root": "root",
  "version": 7
}
